lockfileVersion: '6.0'

settings:
  autoInstallPeers: true
  excludeLinksFromLockfile: false

dependencies:
  dotenv-cli:
    specifier: ^7.4.4
    version: 7.4.4
  puppeteer:
    specifier: ^23.10.4
    version: 23.10.4(typescript@5.7.2)
  request:
    specifier: ^2.88.2
    version: 2.88.2
  selenium-webdriver:
    specifier: ^4.27.0
    version: 4.27.0

devDependencies:
  '@types/node':
    specifier: ^22.10.2
    version: 22.10.2
  '@types/request':
    specifier: ^2.48.12
    version: 2.48.12
  '@types/selenium-webdriver':
    specifier: ^4.1.27
    version: 4.1.27
  ts-node:
    specifier: ^10.9.2
    version: 10.9.2(@types/node@22.10.2)(typescript@5.7.2)

packages:

  /@babel/code-frame@7.26.2:
    resolution: {integrity: sha512-RJlIHRueQgwWitWgF8OdFYGZX328Ax5BCemNGlqHfplnRT9ESi8JkFlvaVYbS+UubVY6dpv87Fs2u5M29iNFVQ==}
    engines: {node: '>=6.9.0'}
    dependencies:
      '@babel/helper-validator-identifier': 7.25.9
      js-tokens: 4.0.0
      picocolors: 1.1.1
    dev: false

  /@babel/helper-validator-identifier@7.25.9:
    resolution: {integrity: sha512-Ed61U6XJc3CVRfkERJWDz4dJwKe7iLmmJsbOGu9wSloNSFttHV0I8g6UAgb7qnK5ly5bGLPd4oXZlxCdANBOWQ==}
    engines: {node: '>=6.9.0'}
    dev: false

  /@bazel/runfiles@6.3.1:
    resolution: {integrity: sha512-1uLNT5NZsUVIGS4syuHwTzZ8HycMPyr6POA3FCE4GbMtc4rhoJk8aZKtNIRthJYfL+iioppi+rTfH3olMPr9nA==}
    dev: false

  /@cspotcode/source-map-support@0.8.1:
    resolution: {integrity: sha512-IchNf6dN4tHoMFIn/7OE8LWZ19Y6q/67Bmf6vnGREv8RSbBVb9LPJxEcnwrcwX6ixSvaiGoomAUvu4YSxXrVgw==}
    engines: {node: '>=12'}
    dependencies:
      '@jridgewell/trace-mapping': 0.3.9
    dev: true

  /@jridgewell/resolve-uri@3.1.2:
    resolution: {integrity: sha512-bRISgCIjP20/tbWSPWMEi54QVPRZExkuD9lJL+UIxUKtwVJA8wW1Trb1jMs1RFXo1CBTNZ/5hpC9QvmKWdopKw==}
    engines: {node: '>=6.0.0'}
    dev: true

  /@jridgewell/sourcemap-codec@1.5.0:
    resolution: {integrity: sha512-gv3ZRaISU3fjPAgNsriBRqGWQL6quFx04YMPW/zD8XMLsU32mhCCbfbO6KZFLjvYpCZ8zyDEgqsgf+PwPaM7GQ==}
    dev: true

  /@jridgewell/trace-mapping@0.3.9:
    resolution: {integrity: sha512-3Belt6tdc8bPgAtbcmdtNJlirVoTmEb5e2gC94PnkwEW9jI6CAHUeoG85tjWP5WquqfavoMtMwiG4P926ZKKuQ==}
    dependencies:
      '@jridgewell/resolve-uri': 3.1.2
      '@jridgewell/sourcemap-codec': 1.5.0
    dev: true

  /@puppeteer/browsers@2.6.1:
    resolution: {integrity: sha512-aBSREisdsGH890S2rQqK82qmQYU3uFpSH8wcZWHgHzl3LfzsxAKbLNiAG9mO8v1Y0UICBeClICxPJvyr0rcuxg==}
    engines: {node: '>=18'}
    hasBin: true
    dependencies:
      debug: 4.4.0
      extract-zip: 2.0.1
      progress: 2.0.3
      proxy-agent: 6.5.0
      semver: 7.6.3
      tar-fs: 3.0.6
      unbzip2-stream: 1.4.3
      yargs: 17.7.2
    transitivePeerDependencies:
      - supports-color
    dev: false

  /@tootallnate/quickjs-emscripten@0.23.0:
    resolution: {integrity: sha512-C5Mc6rdnsaJDjO3UpGW/CQTHtCKaYlScZTly4JIu97Jxo/odCiH0ITnDXSJPTOrEKk/ycSZ0AOgTmkDtkOsvIA==}
    dev: false

  /@tsconfig/node10@1.0.11:
    resolution: {integrity: sha512-DcRjDCujK/kCk/cUe8Xz8ZSpm8mS3mNNpta+jGCA6USEDfktlNvm1+IuZ9eTcDbNk41BHwpHHeW+N1lKCz4zOw==}
    dev: true

  /@tsconfig/node12@1.0.11:
    resolution: {integrity: sha512-cqefuRsh12pWyGsIoBKJA9luFu3mRxCA+ORZvA4ktLSzIuCUtWVxGIuXigEwO5/ywWFMZ2QEGKWvkZG1zDMTag==}
    dev: true

  /@tsconfig/node14@1.0.3:
    resolution: {integrity: sha512-ysT8mhdixWK6Hw3i1V2AeRqZ5WfXg1G43mqoYlM2nc6388Fq5jcXyr5mRsqViLx/GJYdoL0bfXD8nmF+Zn/Iow==}
    dev: true

  /@tsconfig/node16@1.0.4:
    resolution: {integrity: sha512-vxhUy4J8lyeyinH7Azl1pdd43GJhZH/tP2weN8TntQblOY+A0XbT8DJk1/oCPuOOyg/Ja757rG0CgHcWC8OfMA==}
    dev: true

  /@types/caseless@0.12.5:
    resolution: {integrity: sha512-hWtVTC2q7hc7xZ/RLbxapMvDMgUnDvKvMOpKal4DrMyfGBUfB1oKaZlIRr6mJL+If3bAP6sV/QneGzF6tJjZDg==}
    dev: true

  /@types/node@22.10.2:
    resolution: {integrity: sha512-Xxr6BBRCAOQixvonOye19wnzyDiUtTeqldOOmj3CkeblonbccA12PFwlufvRdrpjXxqnmUaeiU5EOA+7s5diUQ==}
    requiresBuild: true
    dependencies:
      undici-types: 6.20.0

  /@types/request@2.48.12:
    resolution: {integrity: sha512-G3sY+NpsA9jnwm0ixhAFQSJ3Q9JkpLZpJbI3GMv0mIAT0y3mRabYeINzal5WOChIiaTEGQYlHOKgkaM9EisWHw==}
    dependencies:
      '@types/caseless': 0.12.5
      '@types/node': 22.10.2
      '@types/tough-cookie': 4.0.5
      form-data: 2.5.2
    dev: true

  /@types/selenium-webdriver@4.1.27:
    resolution: {integrity: sha512-ALqsj8D7Swb6MnBQuAQ58J3KC3yh6fLGtAmpBmnZX8j+0kmP7NaLt56CuzBw2W2bXPrvHFTgn8iekOQFUKXEQA==}
    dependencies:
      '@types/node': 22.10.2
      '@types/ws': 8.5.13
    dev: true

  /@types/tough-cookie@4.0.5:
    resolution: {integrity: sha512-/Ad8+nIOV7Rl++6f1BdKxFSMgmoqEoYbHRpPcx3JEfv8VRsQe9Z4mCXeJBzxs7mbHY/XOZZuXlRNfhpVPbs6ZA==}
    dev: true

  /@types/ws@8.5.13:
    resolution: {integrity: sha512-osM/gWBTPKgHV8XkTunnegTRIsvF6owmf5w+JtAfOw472dptdm0dlGv4xCt6GwQRcC2XVOvvRE/0bAoQcL2QkA==}
    dependencies:
      '@types/node': 22.10.2
    dev: true

  /@types/yauzl@2.10.3:
    resolution: {integrity: sha512-oJoftv0LSuaDZE3Le4DbKX+KS9G36NzOeSap90UIK0yMA/NhKJhqlSGtNDORNRaIbQfzjXDrQa0ytJ6mNRGz/Q==}
    requiresBuild: true
    dependencies:
      '@types/node': 22.10.2
    dev: false
    optional: true

  /acorn-walk@8.3.4:
    resolution: {integrity: sha512-ueEepnujpqee2o5aIYnvHU6C0A42MNdsIDeqy5BydrkuC5R1ZuUFnm27EeFJGoEHJQgn3uleRvmTXaJgfXbt4g==}
    engines: {node: '>=0.4.0'}
    dependencies:
      acorn: 8.14.0
    dev: true

  /acorn@8.14.0:
    resolution: {integrity: sha512-cl669nCJTZBsL97OF4kUQm5g5hC2uihk0NxY3WENAC0TYdILVkAyHymAntgxGkl7K+t0cXIrH5siy5S4XkFycA==}
    engines: {node: '>=0.4.0'}
    hasBin: true
    dev: true

  /agent-base@7.1.3:
    resolution: {integrity: sha512-jRR5wdylq8CkOe6hei19GGZnxM6rBGwFl3Bg0YItGDimvjGtAvdZk4Pu6Cl4u4Igsws4a1fd1Vq3ezrhn4KmFw==}
    engines: {node: '>= 14'}
    dev: false

  /ajv@6.12.6:
    resolution: {integrity: sha1-uvWmLoArB9l3A0WG+MO69a3ybfQ=}
    dependencies:
      fast-deep-equal: 3.1.3
      fast-json-stable-stringify: 2.1.0
      json-schema-traverse: 0.4.1
      uri-js: 4.4.1
    dev: false

  /ansi-regex@5.0.1:
    resolution: {integrity: sha1-CCyyyJyf6GWaMRpTvWpNxTAdswQ=}
    engines: {node: '>=8'}
    dev: false

  /ansi-styles@4.3.0:
    resolution: {integrity: sha1-7dgDYornHATIWuegkG7a00tkiTc=}
    engines: {node: '>=8'}
    dependencies:
      color-convert: 2.0.1
    dev: false

  /arg@4.1.3:
    resolution: {integrity: sha1-Jp/HrVuOQstjyJbVZmAXJhwUQIk=}
    dev: true

  /argparse@2.0.1:
    resolution: {integrity: sha1-JG9Q88p4oyQPbJl+ipvR6sSeSzg=}
    dev: false

  /asn1@0.2.6:
    resolution: {integrity: sha1-DTp7tuZOAqkMAwOzHykoaOoJoI0=}
    dependencies:
      safer-buffer: 2.1.2
    dev: false

  /assert-plus@1.0.0:
    resolution: {integrity: sha1-8S4PPF13sLHN2RRpQuTpbB5N1SU=}
    engines: {node: '>=0.8'}
    dev: false

  /ast-types@0.13.4:
    resolution: {integrity: sha1-7g13s0MmOWXsw/ti2hbnIisrZ4I=}
    engines: {node: '>=4'}
    dependencies:
      tslib: 2.8.1
    dev: false

  /asynckit@0.4.0:
    resolution: {integrity: sha1-x57Zf380y48robyXkLzDZkdLS3k=}

  /aws-sign2@0.7.0:
    resolution: {integrity: sha1-tG6JCTSpWR8tL2+G1+ap8bP+dqg=}
    dev: false

  /aws4@1.13.2:
    resolution: {integrity: sha512-lHe62zvbTB5eEABUVi/AwVh0ZKY9rMMDhmm+eeyuuUQbQ3+J+fONVQOZyj+DdrvD4BY33uYniyRJ4UJIaSKAfw==}
    dev: false

  /b4a@1.6.7:
    resolution: {integrity: sha512-OnAYlL5b7LEkALw87fUVafQw5rVR9RjwGd4KUwNQ6DrrNmaVaUCgLipfVlzrPQ4tWOR9P0IXGNOx50jYCCdSJg==}
    dev: false

  /bare-events@2.5.0:
    resolution: {integrity: sha512-/E8dDe9dsbLyh2qrZ64PEPadOQ0F4gbl1sUJOrmph7xOiIxfY8vwab/4bFLh4Y88/Hk/ujKcrQKc+ps0mv873A==}
    requiresBuild: true
    dev: false
    optional: true

  /bare-fs@2.3.5:
    resolution: {integrity: sha512-SlE9eTxifPDJrT6YgemQ1WGFleevzwY+XAP1Xqgl56HtcrisC2CHCZ2tq6dBpcH2TnNxwUEUGhweo+lrQtYuiw==}
    requiresBuild: true
    dependencies:
      bare-events: 2.5.0
      bare-path: 2.1.3
      bare-stream: 2.6.1
    dev: false
    optional: true

  /bare-os@2.4.4:
    resolution: {integrity: sha512-z3UiI2yi1mK0sXeRdc4O1Kk8aOa/e+FNWZcTiPB/dfTWyLypuE99LibgRaQki914Jq//yAWylcAt+mknKdixRQ==}
    requiresBuild: true
    dev: false
    optional: true

  /bare-path@2.1.3:
    resolution: {integrity: sha512-lh/eITfU8hrj9Ru5quUp0Io1kJWIk1bTjzo7JH1P5dWmQ2EL4hFUlfI8FonAhSlgIfhn63p84CDY/x+PisgcXA==}
    requiresBuild: true
    dependencies:
      bare-os: 2.4.4
    dev: false
    optional: true

  /bare-stream@2.6.1:
    resolution: {integrity: sha512-eVZbtKM+4uehzrsj49KtCy3Pbg7kO1pJ3SKZ1SFrIH/0pnj9scuGGgUlNDf/7qS8WKtGdiJY5Kyhs/ivYPTB/g==}
    requiresBuild: true
    dependencies:
      streamx: 2.21.1
    dev: false
    optional: true

  /base64-js@1.5.1:
    resolution: {integrity: sha1-GxtEAWClv3rUC2UPCVljSBkDkwo=}
    dev: false

  /basic-ftp@5.0.5:
    resolution: {integrity: sha512-4Bcg1P8xhUuqcii/S0Z9wiHIrQVPMermM1any+MX5GeGD7faD3/msQUDGLol9wOcz4/jbg/WJnGqoJF6LiBdtg==}
    engines: {node: '>=10.0.0'}
    dev: false

  /bcrypt-pbkdf@1.0.2:
    resolution: {integrity: sha1-pDAdOJtqQ/m2f/PKEaP2Y342Dp4=}
    dependencies:
      tweetnacl: 0.14.5
    dev: false

  /buffer-crc32@0.2.13:
    resolution: {integrity: sha1-DTM+PwDqxQqhRUq9MO+MKl2ackI=}
    dev: false

  /buffer@5.7.1:
    resolution: {integrity: sha1-umLnwTEzBTWCGXFghRqPZI6Z7tA=}
    dependencies:
      base64-js: 1.5.1
      ieee754: 1.2.1
    dev: false

  /callsites@3.1.0:
    resolution: {integrity: sha1-s2MKvYlDQy9Us/BRkjjjPNffL3M=}
    engines: {node: '>=6'}
    dev: false

  /caseless@0.12.0:
    resolution: {integrity: sha1-G2gcIf+EAzyCZUMJBolCDRhxUdw=}
    dev: false

  /chromium-bidi@0.8.0(devtools-protocol@0.0.1367902):
    resolution: {integrity: sha512-uJydbGdTw0DEUjhoogGveneJVWX/9YuqkWePzMmkBYwtdAqo5d3J/ovNKFr+/2hWXYmYCr6it8mSSTIj6SS6Ug==}
    peerDependencies:
      devtools-protocol: '*'
    dependencies:
      devtools-protocol: 0.0.1367902
      mitt: 3.0.1
      urlpattern-polyfill: 10.0.0
      zod: 3.23.8
    dev: false

  /cliui@8.0.1:
    resolution: {integrity: sha512-BSeNnyus75C4//NQ9gQt1/csTXyo/8Sb+afLAkzAptFuMsod9HFokGNudZpi/oQV73hnVK+sR+5PVRMd+Dr7YQ==}
    engines: {node: '>=12'}
    dependencies:
      string-width: 4.2.3
      strip-ansi: 6.0.1
      wrap-ansi: 7.0.0
    dev: false

  /color-convert@2.0.1:
    resolution: {integrity: sha1-ctOmjVmMm9s68q0ehPIdiWq9TeM=}
    engines: {node: '>=7.0.0'}
    dependencies:
      color-name: 1.1.4
    dev: false

  /color-name@1.1.4:
    resolution: {integrity: sha1-wqCah6y95pVD3m9j+jmVyCbFNqI=}
    dev: false

  /combined-stream@1.0.8:
    resolution: {integrity: sha1-w9RaizT9cwYxoRCoolIGgrMdWn8=}
    engines: {node: '>= 0.8'}
    dependencies:
      delayed-stream: 1.0.0

  /core-util-is@1.0.2:
    resolution: {integrity: sha1-tf1UIgqivFq1eqtxQMlAdUUDwac=}
    dev: false

  /core-util-is@1.0.3:
    resolution: {integrity: sha1-pgQtNjTCsn6TKPg3uWX6yDgI24U=}
    dev: false

  /cosmiconfig@9.0.0(typescript@5.7.2):
    resolution: {integrity: sha512-itvL5h8RETACmOTFc4UfIyB2RfEHi71Ax6E/PivVxq9NseKbOWpeyHEOIbmAw1rs8Ak0VursQNww7lf7YtUwzg==}
    engines: {node: '>=14'}
    peerDependencies:
      typescript: '>=4.9.5'
    peerDependenciesMeta:
      typescript:
        optional: true
    dependencies:
      env-paths: 2.2.1
      import-fresh: 3.3.0
      js-yaml: 4.1.0
      parse-json: 5.2.0
      typescript: 5.7.2
    dev: false

  /create-require@1.1.1:
    resolution: {integrity: sha1-wdfo8eX2z8n/ZfnNNS03NIdWwzM=}
    dev: true

  /cross-spawn@7.0.6:
    resolution: {integrity: sha512-uV2QOWP2nWzsy2aMp8aRibhi9dlzF5Hgh5SHaB9OiTGEyDTiJJyx0uy51QXdyWbtAHNua4XJzUKca3OzKUd3vA==}
    engines: {node: '>= 8'}
    dependencies:
      path-key: 3.1.1
      shebang-command: 2.0.0
      which: 2.0.2
    dev: false

  /dashdash@1.14.1:
    resolution: {integrity: sha1-hTz6D3y+L+1d4gMmuN1YEDX24vA=}
    engines: {node: '>=0.10'}
    dependencies:
      assert-plus: 1.0.0
    dev: false

  /data-uri-to-buffer@6.0.2:
    resolution: {integrity: sha512-7hvf7/GW8e86rW0ptuwS3OcBGDjIi6SZva7hCyWC0yYry2cOPmLIjXAUHI6DK2HsnwJd9ifmt57i8eV2n4YNpw==}
    engines: {node: '>= 14'}
    dev: false

  /debug@4.4.0:
    resolution: {integrity: sha512-6WTZ/IxCY/T6BALoZHaE4ctp9xm+Z5kY/pzYaCHRFeyVhojxlrm+46y68HA6hr0TcwEssoxNiDEUJQjfPZ/RYA==}
    engines: {node: '>=6.0'}
    peerDependencies:
      supports-color: '*'
    peerDependenciesMeta:
      supports-color:
        optional: true
    dependencies:
      ms: 2.1.3
    dev: false

  /degenerator@5.0.1:
    resolution: {integrity: sha512-TllpMR/t0M5sqCXfj85i4XaAzxmS5tVA16dqvdkMwGmzI+dXLXnw3J+3Vdv7VKw+ThlTMboK6i9rnZ6Nntj5CQ==}
    engines: {node: '>= 14'}
    dependencies:
      ast-types: 0.13.4
      escodegen: 2.1.0
      esprima: 4.0.1
    dev: false

  /delayed-stream@1.0.0:
    resolution: {integrity: sha1-3zrhmayt+31ECqrgsp4icrJOxhk=}
    engines: {node: '>=0.4.0'}

  /devtools-protocol@0.0.1367902:
    resolution: {integrity: sha512-XxtPuC3PGakY6PD7dG66/o8KwJ/LkH2/EKe19Dcw58w53dv4/vSQEkn/SzuyhHE2q4zPgCkxQBxus3VV4ql+Pg==}
    dev: false

  /diff@4.0.2:
    resolution: {integrity: sha1-YPOuy4nV+uUgwRqhnvwruYKq3n0=}
    engines: {node: '>=0.3.1'}
    dev: true

  /dotenv-cli@7.4.4:
    resolution: {integrity: sha512-XkBYCG0tPIes+YZr4SpfFv76SQrV/LeCE8CI7JSEMi3VR9MvTihCGTOtbIexD6i2mXF+6px7trb1imVCXSNMDw==}
    hasBin: true
    dependencies:
      cross-spawn: 7.0.6
      dotenv: 16.4.7
      dotenv-expand: 10.0.0
      minimist: 1.2.8
    dev: false

  /dotenv-expand@10.0.0:
    resolution: {integrity: sha512-GopVGCpVS1UKH75VKHGuQFqS1Gusej0z4FyQkPdwjil2gNIv+LNsqBlboOzpJFZKVT95GkCyWJbBSdFEFUWI2A==}
    engines: {node: '>=12'}
    dev: false

  /dotenv@16.4.7:
    resolution: {integrity: sha512-47qPchRCykZC03FhkYAhrvwU4xDBFIj1QPqaarj6mdM/hgUzfPHcpkHJOn3mJAufFeeAxAzeGsr5X0M4k6fLZQ==}
    engines: {node: '>=12'}
    dev: false

  /ecc-jsbn@0.1.2:
    resolution: {integrity: sha1-OoOpBOVDUyh4dMVkt1SThoSamMk=}
    dependencies:
      jsbn: 0.1.1
      safer-buffer: 2.1.2
    dev: false

  /emoji-regex@8.0.0:
    resolution: {integrity: sha1-6Bj9ac5cz8tARZT4QpY79TFkzDc=}
    dev: false

  /end-of-stream@1.4.4:
    resolution: {integrity: sha1-WuZKX0UFe682JuwU2gyl5LJDHrA=}
    dependencies:
      once: 1.4.0
    dev: false

  /env-paths@2.2.1:
    resolution: {integrity: sha1-QgOZ1BbOH76bwKB8Yvpo1n/Q+PI=}
    engines: {node: '>=6'}
    dev: false

  /error-ex@1.3.2:
    resolution: {integrity: sha1-tKxAZIEH/c3PriQvQovqihTU8b8=}
    dependencies:
      is-arrayish: 0.2.1
    dev: false

  /escalade@3.2.0:
    resolution: {integrity: sha512-WUj2qlxaQtO4g6Pq5c29GTcWGDyd8itL8zTlipgECz3JesAiiOKotd8JU6otB3PACgG6xkJUyVhboMS+bje/jA==}
    engines: {node: '>=6'}
    dev: false

  /escodegen@2.1.0:
    resolution: {integrity: sha512-2NlIDTwUWJN0mRPQOdtQBzbUHvdGY2P1VXSyU83Q3xKxM7WHX2Ql8dKq782Q9TgQUNOLEzEYu9bzLNj1q88I5w==}
    engines: {node: '>=6.0'}
    hasBin: true
    dependencies:
      esprima: 4.0.1
      estraverse: 5.3.0
      esutils: 2.0.3
    optionalDependencies:
      source-map: 0.6.1
    dev: false

  /esprima@4.0.1:
    resolution: {integrity: sha1-E7BM2z5sXRnfkatph6hpVhmwqnE=}
    engines: {node: '>=4'}
    hasBin: true
    dev: false

  /estraverse@5.3.0:
    resolution: {integrity: sha1-LupSkHAvJquP5TcDcP+GyWXSESM=}
    engines: {node: '>=4.0'}
    dev: false

  /esutils@2.0.3:
    resolution: {integrity: sha1-dNLrTeC42hKTcRkQ1Qd1ubcQ72Q=}
    engines: {node: '>=0.10.0'}
    dev: false

  /extend@3.0.2:
    resolution: {integrity: sha1-+LETa0Bx+9jrFAr/hYsQGewpFfo=}
    dev: false

  /extract-zip@2.0.1:
    resolution: {integrity: sha1-Zj3KVv5G34kNXxMe9KBtIruLoTo=}
    engines: {node: '>= 10.17.0'}
    hasBin: true
    dependencies:
      debug: 4.4.0
      get-stream: 5.2.0
      yauzl: 2.10.0
    optionalDependencies:
      '@types/yauzl': 2.10.3
    transitivePeerDependencies:
      - supports-color
    dev: false

  /extsprintf@1.3.0:
    resolution: {integrity: sha1-lpGEQOMEGnpBT4xS48V06zw+HgU=}
    engines: {'0': node >=0.6.0}
    dev: false

  /fast-deep-equal@3.1.3:
    resolution: {integrity: sha1-On1WtVnWy8PrUSMlJE5hmmXGxSU=}
    dev: false

  /fast-fifo@1.3.2:
    resolution: {integrity: sha512-/d9sfos4yxzpwkDkuN7k2SqFKtYNmCTzgfEpz82x34IM9/zc8KGxQoXg1liNC/izpRM/MBdt44Nmx41ZWqk+FQ==}
    dev: false

  /fast-json-stable-stringify@2.1.0:
    resolution: {integrity: sha1-h0v2nG9ATCtdmcSBNBOZ/VWJJjM=}
    dev: false

  /fd-slicer@1.1.0:
    resolution: {integrity: sha1-JcfInLH5B3+IkbvmHY85Dq4lbx4=}
    dependencies:
      pend: 1.2.0
    dev: false

  /forever-agent@0.6.1:
    resolution: {integrity: sha1-+8cfDEGt6zf5bFd60e1C2P2sypE=}
    dev: false

  /form-data@2.3.3:
    resolution: {integrity: sha1-3M5SwF9kTymManq5Nr1yTO/786Y=}
    engines: {node: '>= 0.12'}
    dependencies:
      asynckit: 0.4.0
      combined-stream: 1.0.8
      mime-types: 2.1.35
    dev: false

  /form-data@2.5.2:
    resolution: {integrity: sha512-GgwY0PS7DbXqajuGf4OYlsrIu3zgxD6Vvql43IBhm6MahqA5SK/7mwhtNj2AdH2z35YR34ujJ7BN+3fFC3jP5Q==}
    engines: {node: '>= 0.12'}
    dependencies:
      asynckit: 0.4.0
      combined-stream: 1.0.8
      mime-types: 2.1.35
      safe-buffer: 5.2.1
    dev: true

  /get-caller-file@2.0.5:
    resolution: {integrity: sha1-T5RBKoLbMvNuOwuXQfipf+sDH34=}
    engines: {node: 6.* || 8.* || >= 10.*}
    dev: false

  /get-stream@5.2.0:
    resolution: {integrity: sha1-SWaheV7lrOZecGxLe+txJX1uItM=}
    engines: {node: '>=8'}
    dependencies:
      pump: 3.0.2
    dev: false

  /get-uri@6.0.4:
    resolution: {integrity: sha512-E1b1lFFLvLgak2whF2xDBcOy6NLVGZBqqjJjsIhvopKfWWEi64pLVTWWehV8KlLerZkfNTA95sTe2OdJKm1OzQ==}
    engines: {node: '>= 14'}
    dependencies:
      basic-ftp: 5.0.5
      data-uri-to-buffer: 6.0.2
      debug: 4.4.0
    transitivePeerDependencies:
      - supports-color
    dev: false

  /getpass@0.1.7:
    resolution: {integrity: sha1-Xv+OPmhNVprkyysSgmBOi6YhSfo=}
    dependencies:
      assert-plus: 1.0.0
    dev: false

  /har-schema@2.0.0:
    resolution: {integrity: sha1-qUwiJOvKwEeCoNkDVSHyRzW37JI=}
    engines: {node: '>=4'}
    dev: false

  /har-validator@5.1.5:
    resolution: {integrity: sha1-HwgDufjLIMD6E4It8ezds2veHv0=}
    engines: {node: '>=6'}
    deprecated: this library is no longer supported
    dependencies:
      ajv: 6.12.6
      har-schema: 2.0.0
    dev: false

  /http-proxy-agent@7.0.2:
    resolution: {integrity: sha512-T1gkAiYYDWYx3V5Bmyu7HcfcvL7mUrTWiM6yOfa3PIphViJ/gFPbvidQ+veqSOHci/PxBcDabeUNCzpOODJZig==}
    engines: {node: '>= 14'}
    dependencies:
      agent-base: 7.1.3
      debug: 4.4.0
    transitivePeerDependencies:
      - supports-color
    dev: false

  /http-signature@1.2.0:
    resolution: {integrity: sha1-muzZJRFHcvPZW2WmCruPfBj7rOE=}
    engines: {node: '>=0.8', npm: '>=1.3.7'}
    dependencies:
      assert-plus: 1.0.0
      jsprim: 1.4.2
      sshpk: 1.18.0
    dev: false

  /https-proxy-agent@7.0.6:
    resolution: {integrity: sha512-vK9P5/iUfdl95AI+JVyUuIcVtd4ofvtrOr3HNtM2yxC9bnMbEdp3x01OhQNnjb8IJYi38VlTE3mBXwcfvywuSw==}
    engines: {node: '>= 14'}
    dependencies:
      agent-base: 7.1.3
      debug: 4.4.0
    transitivePeerDependencies:
      - supports-color
    dev: false

  /ieee754@1.2.1:
    resolution: {integrity: sha1-jrehCmP/8l0VpXsAFYbRd9Gw01I=}
    dev: false

  /immediate@3.0.6:
    resolution: {integrity: sha1-nbHb0Pr43m++D13V5Wu2BigN5ps=}
    dev: false

  /import-fresh@3.3.0:
    resolution: {integrity: sha1-NxYsJfy566oublPVtNiM4X2eDCs=}
    engines: {node: '>=6'}
    dependencies:
      parent-module: 1.0.1
      resolve-from: 4.0.0
    dev: false

  /inherits@2.0.4:
    resolution: {integrity: sha1-D6LGT5MpF8NDOg3tVTY6rjdBa3w=}
    dev: false

  /ip-address@9.0.5:
    resolution: {integrity: sha512-zHtQzGojZXTwZTHQqra+ETKd4Sn3vgi7uBmlPoXVWZqYvuKmtI0l/VZTjqGmJY9x88GGOaZ9+G9ES8hC4T4X8g==}
    engines: {node: '>= 12'}
    dependencies:
      jsbn: 1.1.0
      sprintf-js: 1.1.3
    dev: false

  /is-arrayish@0.2.1:
    resolution: {integrity: sha1-d8mYQFJ6qOyxqLppe4BkWnqSap0=}
    dev: false

  /is-fullwidth-code-point@3.0.0:
    resolution: {integrity: sha1-8Rb4Bk/pCz94RKOJl8C3UFEmnx0=}
    engines: {node: '>=8'}
    dev: false

  /is-typedarray@1.0.0:
    resolution: {integrity: sha1-5HnICFjfDBsR3dppQPlgEfzaSpo=}
    dev: false

  /isarray@1.0.0:
    resolution: {integrity: sha1-u5NdSFgsuhaMBoNJV6VKPgcSTxE=}
    dev: false

  /isexe@2.0.0:
    resolution: {integrity: sha1-6PvzdNxVb/iUehDcsFctYz8s+hA=}
    dev: false

  /isstream@0.1.2:
    resolution: {integrity: sha1-R+Y/evVa+m+S4VAOaQ64uFKcCZo=}
    dev: false

  /js-tokens@4.0.0:
    resolution: {integrity: sha1-GSA/tZmR35jjoocFDUZHzerzJJk=}
    dev: false

  /js-yaml@4.1.0:
    resolution: {integrity: sha1-wftl+PUBeQHN0slRhkuhhFihBgI=}
    hasBin: true
    dependencies:
      argparse: 2.0.1
    dev: false

  /jsbn@0.1.1:
    resolution: {integrity: sha1-peZUwuWi3rXyAdls77yoDA7y9RM=}
    dev: false

  /jsbn@1.1.0:
    resolution: {integrity: sha1-sBMHyym2GKHtJux56RH4A8TaAEA=}
    dev: false

  /json-parse-even-better-errors@2.3.1:
    resolution: {integrity: sha1-fEeAWpQxmSjgV3dAXcEuH3pO4C0=}
    dev: false

  /json-schema-traverse@0.4.1:
    resolution: {integrity: sha1-afaofZUTq4u4/mO9sJecRI5oRmA=}
    dev: false

  /json-schema@0.4.0:
    resolution: {integrity: sha1-995M9u+rg4666zI2R0y7paGTCrU=}
    dev: false

  /json-stringify-safe@5.0.1:
    resolution: {integrity: sha1-Epai1Y/UXxmg9s4B1lcB4sc1tus=}
    dev: false

  /jsprim@1.4.2:
    resolution: {integrity: sha512-P2bSOMAc/ciLz6DzgjVlGJP9+BrJWu5UDGK70C2iweC5QBIeFf0ZXRvGjEj2uYgrY2MkAAhsSWHDWlFtEroZWw==}
    engines: {node: '>=0.6.0'}
    dependencies:
      assert-plus: 1.0.0
      extsprintf: 1.3.0
      json-schema: 0.4.0
      verror: 1.10.0
    dev: false

  /jszip@3.10.1:
    resolution: {integrity: sha512-xXDvecyTpGLrqFrvkrUSoxxfJI5AH7U8zxxtVclpsUtMCq4JQ290LY8AW5c7Ggnr/Y/oK+bQMbqK2qmtk3pN4g==}
    dependencies:
      lie: 3.3.0
      pako: 1.0.11
      readable-stream: 2.3.8
      setimmediate: 1.0.5
    dev: false

  /lie@3.3.0:
    resolution: {integrity: sha1-3Pgt7lRfRgdNryAMfBxaCOD0D2o=}
    dependencies:
      immediate: 3.0.6
    dev: false

  /lines-and-columns@1.2.4:
    resolution: {integrity: sha1-7KKE910pZQeTCdwK2SVauy68FjI=}
    dev: false

  /lru-cache@7.18.3:
    resolution: {integrity: sha512-jumlc0BIUrS3qJGgIkWZsyfAM7NCWiBcCDhnd+3NNM5KbBmLTgHVfWBcg6W+rLUsIpzpERPsvwUP7CckAQSOoA==}
    engines: {node: '>=12'}
    dev: false

  /make-error@1.3.6:
    resolution: {integrity: sha1-LrLjfqm2fEiR9oShOUeZr0hM96I=}
    dev: true

  /mime-db@1.52.0:
    resolution: {integrity: sha512-sPU4uV7dYlvtWJxwwxHD0PuihVNiE7TyAbQ5SWxDCB9mUYvOgroQOwYQQOKPJ8CIbE+1ETVlOoK1UC2nU3gYvg==}
    engines: {node: '>= 0.6'}

  /mime-types@2.1.35:
    resolution: {integrity: sha512-ZDY+bPm5zTTF+YpCrAU9nK0UgICYPT0QtT1NZWFv4s++TNkcgVaT0g6+4R2uI4MjQjzysHB1zxuWL50hzaeXiw==}
    engines: {node: '>= 0.6'}
    dependencies:
      mime-db: 1.52.0

  /minimist@1.2.8:
    resolution: {integrity: sha512-2yyAR8qBkN3YuheJanUpWC5U3bb5osDywNB8RzDVlDwDHbocAJveqqj1u8+SVD7jkWT4yvsHCpWqqWqAxb0zCA==}
    dev: false

  /mitt@3.0.1:
    resolution: {integrity: sha512-vKivATfr97l2/QBCYAkXYDbrIWPM2IIKEl7YPhjCvKlG3kE2gm+uBo6nEXK3M5/Ffh/FLpKExzOQ3JJoJGFKBw==}
    dev: false

  /ms@2.1.3:
    resolution: {integrity: sha1-V0yBOM4dK1hh8LRFedut1gxmFbI=}
    dev: false

  /netmask@2.0.2:
    resolution: {integrity: sha1-iwGgdkQGXVNjg4NYI7xSAE66xec=}
    engines: {node: '>= 0.4.0'}
    dev: false

  /oauth-sign@0.9.0:
    resolution: {integrity: sha1-R6ewFrqmi1+g7PPe4IqFxnmsZFU=}
    dev: false

  /once@1.4.0:
    resolution: {integrity: sha1-WDsap3WWHUsROsF9nFC6753Xa9E=}
    dependencies:
      wrappy: 1.0.2
    dev: false

  /pac-proxy-agent@7.1.0:
    resolution: {integrity: sha512-Z5FnLVVZSnX7WjBg0mhDtydeRZ1xMcATZThjySQUHqr+0ksP8kqaw23fNKkaaN/Z8gwLUs/W7xdl0I75eP2Xyw==}
    engines: {node: '>= 14'}
    dependencies:
      '@tootallnate/quickjs-emscripten': 0.23.0
      agent-base: 7.1.3
      debug: 4.4.0
      get-uri: 6.0.4
      http-proxy-agent: 7.0.2
      https-proxy-agent: 7.0.6
      pac-resolver: 7.0.1
      socks-proxy-agent: 8.0.5
    transitivePeerDependencies:
      - supports-color
    dev: false

  /pac-resolver@7.0.1:
    resolution: {integrity: sha512-5NPgf87AT2STgwa2ntRMr45jTKrYBGkVU36yT0ig/n/GMAa3oPqhZfIQ2kMEimReg0+t9kZViDVZ83qfVUlckg==}
    engines: {node: '>= 14'}
    dependencies:
      degenerator: 5.0.1
      netmask: 2.0.2
    dev: false

  /pako@1.0.11:
    resolution: {integrity: sha1-bJWZ00DVTf05RjgCUqNXBaa5kr8=}
    dev: false

  /parent-module@1.0.1:
    resolution: {integrity: sha1-aR0nCeeMefrjoVZiJFLQB2LKqqI=}
    engines: {node: '>=6'}
    dependencies:
      callsites: 3.1.0
    dev: false

  /parse-json@5.2.0:
    resolution: {integrity: sha1-x2/Gbe5UIxyWKyK8yKcs8vmXU80=}
    engines: {node: '>=8'}
    dependencies:
      '@babel/code-frame': 7.26.2
      error-ex: 1.3.2
      json-parse-even-better-errors: 2.3.1
      lines-and-columns: 1.2.4
    dev: false

  /path-key@3.1.1:
    resolution: {integrity: sha1-WB9q3mWMu6ZaDTOA3ndTKVBU83U=}
    engines: {node: '>=8'}
    dev: false

  /pend@1.2.0:
    resolution: {integrity: sha1-elfrVQpng/kRUzH89GY9XI4AelA=}
    dev: false

  /performance-now@2.1.0:
    resolution: {integrity: sha1-Ywn04OX6kT7BxpMHrjZLSzd8nns=}
    dev: false

  /picocolors@1.1.1:
    resolution: {integrity: sha512-xceH2snhtb5M9liqDsmEw56le376mTZkEX/jEb/RxNFyegNul7eNslCXP9FDj/Lcu0X8KEyMceP2ntpaHrDEVA==}
    dev: false

  /process-nextick-args@2.0.1:
    resolution: {integrity: sha1-eCDZsWEgzFXKmud5JoCufbptf+I=}
    dev: false

  /progress@2.0.3:
    resolution: {integrity: sha1-foz42PW48jnBvGi+tOt4Vn1XLvg=}
    engines: {node: '>=0.4.0'}
    dev: false

  /proxy-agent@6.5.0:
    resolution: {integrity: sha512-TmatMXdr2KlRiA2CyDu8GqR8EjahTG3aY3nXjdzFyoZbmB8hrBsTyMezhULIXKnC0jpfjlmiZ3+EaCzoInSu/A==}
    engines: {node: '>= 14'}
    dependencies:
      agent-base: 7.1.3
      debug: 4.4.0
      http-proxy-agent: 7.0.2
      https-proxy-agent: 7.0.6
      lru-cache: 7.18.3
      pac-proxy-agent: 7.1.0
      proxy-from-env: 1.1.0
      socks-proxy-agent: 8.0.5
    transitivePeerDependencies:
      - supports-color
    dev: false

  /proxy-from-env@1.1.0:
    resolution: {integrity: sha1-4QLxbKNVQkhldV0sno6k8k1Yw+I=}
    dev: false

  /psl@1.15.0:
    resolution: {integrity: sha512-JZd3gMVBAVQkSs6HdNZo9Sdo0LNcQeMNP3CozBJb3JYC/QUYZTnKxP+f8oWRX4rHP5EurWxqAHTSwUCjlNKa1w==}
    dependencies:
      punycode: 2.3.1
    dev: false

  /pump@3.0.2:
    resolution: {integrity: sha512-tUPXtzlGM8FE3P0ZL6DVs/3P58k9nk8/jZeQCurTJylQA8qFYzHFfhBJkuqyE0FifOsQ0uKWekiZ5g8wtr28cw==}
    dependencies:
      end-of-stream: 1.4.4
      once: 1.4.0
    dev: false

  /punycode@2.3.1:
    resolution: {integrity: sha512-vYt7UD1U9Wg6138shLtLOvdAu+8DsC/ilFtEVHcH+wydcSpNE20AfSOduf6MkRFahL5FY7X1oU7nKVZFtfq8Fg==}
    engines: {node: '>=6'}
    dev: false

  /puppeteer-core@23.10.4:
    resolution: {integrity: sha512-pQAY7+IFAndWDkDodsQGguW1/ifV5OMlGXJDspwtK49Asb7poJZ/V5rXJxVSpq57bWrJasjQBZ1X27z1oWVq4Q==}
    engines: {node: '>=18'}
    dependencies:
      '@puppeteer/browsers': 2.6.1
      chromium-bidi: 0.8.0(devtools-protocol@0.0.1367902)
      debug: 4.4.0
      devtools-protocol: 0.0.1367902
      typed-query-selector: 2.12.0
      ws: 8.18.0
    transitivePeerDependencies:
      - bufferutil
      - supports-color
      - utf-8-validate
    dev: false

  /puppeteer@23.10.4(typescript@5.7.2):
    resolution: {integrity: sha512-i0sYIAIjdO9MoRfFqbkoWFnQYZVmNp8msbztTgG46KbOdoYAv4f56MFzdFwtC0lyZHtkP+yl0H7tP0dNg3RQYA==}
    engines: {node: '>=18'}
    hasBin: true
    requiresBuild: true
    dependencies:
      '@puppeteer/browsers': 2.6.1
      chromium-bidi: 0.8.0(devtools-protocol@0.0.1367902)
      cosmiconfig: 9.0.0(typescript@5.7.2)
      devtools-protocol: 0.0.1367902
      puppeteer-core: 23.10.4
      typed-query-selector: 2.12.0
    transitivePeerDependencies:
      - bufferutil
      - supports-color
      - typescript
      - utf-8-validate
    dev: false

  /qs@6.5.3:
    resolution: {integrity: sha512-qxXIEh4pCGfHICj1mAJQ2/2XVZkjCDTcEgfoSQxc/fYivUZxTkk7L3bDBJSoNrEzXI17oUO5Dp07ktqE5KzczA==}
    engines: {node: '>=0.6'}
    dev: false

  /queue-tick@1.0.1:
    resolution: {integrity: sha512-kJt5qhMxoszgU/62PLP1CJytzd2NKetjSRnyuj31fDd3Rlcz3fzlFdFLD1SItunPwyqEOkca6GbV612BWfaBag==}
    dev: false

  /readable-stream@2.3.8:
    resolution: {integrity: sha512-8p0AUk4XODgIewSi0l8Epjs+EVnWiK7NoDIEGU0HhE7+ZyY8D1IMY7odu5lRrFXGg71L15KG8QrPmum45RTtdA==}
    dependencies:
      core-util-is: 1.0.3
      inherits: 2.0.4
      isarray: 1.0.0
      process-nextick-args: 2.0.1
      safe-buffer: 5.1.2
      string_decoder: 1.1.1
      util-deprecate: 1.0.2
    dev: false

  /request@2.88.2:
    resolution: {integrity: sha1-1zyRhzHLWofaBH4gcjQUb2ZNErM=}
    engines: {node: '>= 6'}
    deprecated: request has been deprecated, see https://github.com/request/request/issues/3142
    dependencies:
      aws-sign2: 0.7.0
      aws4: 1.13.2
      caseless: 0.12.0
      combined-stream: 1.0.8
      extend: 3.0.2
      forever-agent: 0.6.1
      form-data: 2.3.3
      har-validator: 5.1.5
      http-signature: 1.2.0
      is-typedarray: 1.0.0
      isstream: 0.1.2
      json-stringify-safe: 5.0.1
      mime-types: 2.1.35
      oauth-sign: 0.9.0
      performance-now: 2.1.0
      qs: 6.5.3
      safe-buffer: 5.1.2
      tough-cookie: 2.5.0
      tunnel-agent: 0.6.0
      uuid: 3.4.0
    dev: false

  /require-directory@2.1.1:
    resolution: {integrity: sha1-jGStX9MNqxyXbiNE/+f3kqam30I=}
    engines: {node: '>=0.10.0'}
    dev: false

  /resolve-from@4.0.0:
    resolution: {integrity: sha1-SrzYUq0y3Xuqv+m0DgCjbbXzkuY=}
    engines: {node: '>=4'}
    dev: false

  /safe-buffer@5.1.2:
    resolution: {integrity: sha1-mR7GnSluAxN0fVm9/St0XDX4go0=}
    dev: false

  /safe-buffer@5.2.1:
    resolution: {integrity: sha1-Hq+fqb2x/dTsdfWPnNtOa3gn7sY=}
    dev: true

  /safer-buffer@2.1.2:
    resolution: {integrity: sha1-RPoWGwGHuVSd2Eu5GAL5vYOFzWo=}
    dev: false

  /selenium-webdriver@4.27.0:
    resolution: {integrity: sha512-LkTJrNz5socxpPnWPODQ2bQ65eYx9JK+DQMYNihpTjMCqHwgWGYQnQTCAAche2W3ZP87alA+1zYPvgS8tHNzMQ==}
    engines: {node: '>= 14.21.0'}
    dependencies:
      '@bazel/runfiles': 6.3.1
      jszip: 3.10.1
      tmp: 0.2.3
      ws: 8.18.0
    transitivePeerDependencies:
      - bufferutil
      - utf-8-validate
    dev: false

  /semver@7.6.3:
    resolution: {integrity: sha512-oVekP1cKtI+CTDvHWYFUcMtsK/00wmAEfyqKfNdARm8u1wNVhSgaX7A8d4UuIlUI5e84iEwOhs7ZPYRmzU9U6A==}
    engines: {node: '>=10'}
    hasBin: true
    dev: false

  /setimmediate@1.0.5:
    resolution: {integrity: sha1-KQy7Iy4waULX1+qbg3Mqt4VvgoU=}
    dev: false

  /shebang-command@2.0.0:
    resolution: {integrity: sha1-zNCvT4g1+9wmW4JGGq8MNmY/NOo=}
    engines: {node: '>=8'}
    dependencies:
      shebang-regex: 3.0.0
    dev: false

  /shebang-regex@3.0.0:
    resolution: {integrity: sha1-rhbxZE2HPsrYQ7AwexQzYtTEIXI=}
    engines: {node: '>=8'}
    dev: false

  /smart-buffer@4.2.0:
    resolution: {integrity: sha1-bh1x+k8YwF99D/IW3RakgdDo2a4=}
    engines: {node: '>= 6.0.0', npm: '>= 3.0.0'}
    dev: false

  /socks-proxy-agent@8.0.5:
    resolution: {integrity: sha512-HehCEsotFqbPW9sJ8WVYB6UbmIMv7kUUORIF2Nncq4VQvBfNBLibW9YZR5dlYCSUhwcD628pRllm7n+E+YTzJw==}
    engines: {node: '>= 14'}
    dependencies:
      agent-base: 7.1.3
      debug: 4.4.0
      socks: 2.8.3
    transitivePeerDependencies:
      - supports-color
    dev: false

  /socks@2.8.3:
    resolution: {integrity: sha512-l5x7VUUWbjVFbafGLxPWkYsHIhEvmF85tbIeFZWc8ZPtoMyybuEhL7Jye/ooC4/d48FgOjSJXgsF/AJPYCW8Zw==}
    engines: {node: '>= 10.0.0', npm: '>= 3.0.0'}
    dependencies:
      ip-address: 9.0.5
      smart-buffer: 4.2.0
    dev: false

  /source-map@0.6.1:
    resolution: {integrity: sha1-dHIq8y6WFOnCh6jQu95IteLxomM=}
    engines: {node: '>=0.10.0'}
    requiresBuild: true
    dev: false
    optional: true

  /sprintf-js@1.1.3:
    resolution: {integrity: sha512-Oo+0REFV59/rz3gfJNKQiBlwfHaSESl1pcGyABQsnnIfWOFt6JNj5gCog2U6MLZ//IGYD+nA8nI+mTShREReaA==}
    dev: false

  /sshpk@1.18.0:
    resolution: {integrity: sha512-2p2KJZTSqQ/I3+HX42EpYOa2l3f8Erv8MWKsy2I9uf4wA7yFIkXRffYdsx86y6z4vHtV8u7g+pPlr8/4ouAxsQ==}
    engines: {node: '>=0.10.0'}
    hasBin: true
    dependencies:
      asn1: 0.2.6
      assert-plus: 1.0.0
      bcrypt-pbkdf: 1.0.2
      dashdash: 1.14.1
      ecc-jsbn: 0.1.2
      getpass: 0.1.7
      jsbn: 0.1.1
      safer-buffer: 2.1.2
      tweetnacl: 0.14.5
    dev: false

  /streamx@2.21.1:
    resolution: {integrity: sha512-PhP9wUnFLa+91CPy3N6tiQsK+gnYyUNuk15S3YG/zjYE7RuPeCjJngqnzpC31ow0lzBHQ+QGO4cNJnd0djYUsw==}
    dependencies:
      fast-fifo: 1.3.2
      queue-tick: 1.0.1
      text-decoder: 1.2.3
    optionalDependencies:
      bare-events: 2.5.0
    dev: false

  /string-width@4.2.3:
    resolution: {integrity: sha1-JpxxF9J7Ba0uU2gwqOyJXvnG0BA=}
    engines: {node: '>=8'}
    dependencies:
      emoji-regex: 8.0.0
      is-fullwidth-code-point: 3.0.0
      strip-ansi: 6.0.1
    dev: false

  /string_decoder@1.1.1:
    resolution: {integrity: sha1-nPFhG6YmhdcDCunkujQUnDrwP8g=}
    dependencies:
      safe-buffer: 5.1.2
    dev: false

  /strip-ansi@6.0.1:
    resolution: {integrity: sha1-nibGPTD1NEPpSJSVshBdN7Z6hdk=}
    engines: {node: '>=8'}
    dependencies:
      ansi-regex: 5.0.1
    dev: false

  /tar-fs@3.0.6:
    resolution: {integrity: sha512-iokBDQQkUyeXhgPYaZxmczGPhnhXZ0CmrqI+MOb/WFGS9DW5wnfrLgtjUJBvz50vQ3qfRwJ62QVoCFu8mPVu5w==}
    dependencies:
      pump: 3.0.2
      tar-stream: 3.1.7
    optionalDependencies:
      bare-fs: 2.3.5
      bare-path: 2.1.3
    dev: false

  /tar-stream@3.1.7:
    resolution: {integrity: sha512-qJj60CXt7IU1Ffyc3NJMjh6EkuCFej46zUqJ4J7pqYlThyd9bO0XBTmcOIhSzZJVWfsLks0+nle/j538YAW9RQ==}
    dependencies:
      b4a: 1.6.7
      fast-fifo: 1.3.2
      streamx: 2.21.1
    dev: false

  /text-decoder@1.2.3:
    resolution: {integrity: sha512-3/o9z3X0X0fTupwsYvR03pJ/DjWuqqrfwBgTQzdWDiQSm9KitAyz/9WqsT2JQW7KV2m+bC2ol/zqpW37NHxLaA==}
    dependencies:
      b4a: 1.6.7
    dev: false

  /through@2.3.8:
    resolution: {integrity: sha1-DdTJ/6q8NXlgsbckEV1+Doai4fU=}
    dev: false

  /tmp@0.2.3:
    resolution: {integrity: sha512-nZD7m9iCPC5g0pYmcaxogYKggSfLsdxl8of3Q/oIbqCqLLIO9IAF0GWjX1z9NZRHPiXv8Wex4yDCaZsgEw0Y8w==}
    engines: {node: '>=14.14'}
    dev: false

  /tough-cookie@2.5.0:
    resolution: {integrity: sha1-zZ+yoKodWhK0c72fuW+j3P9lreI=}
    engines: {node: '>=0.8'}
    dependencies:
      psl: 1.15.0
      punycode: 2.3.1
    dev: false

  /ts-node@10.9.2(@types/node@22.10.2)(typescript@5.7.2):
    resolution: {integrity: sha512-f0FFpIdcHgn8zcPSbf1dRevwt047YMnaiJM3u2w2RewrB+fob/zePZcrOyQoLMMO7aBIddLcQIEK5dYjkLnGrQ==}
    hasBin: true
    peerDependencies:
      '@swc/core': '>=1.2.50'
      '@swc/wasm': '>=1.2.50'
      '@types/node': '*'
      typescript: '>=2.7'
    peerDependenciesMeta:
      '@swc/core':
        optional: true
      '@swc/wasm':
        optional: true
    dependencies:
      '@cspotcode/source-map-support': 0.8.1
      '@tsconfig/node10': 1.0.11
      '@tsconfig/node12': 1.0.11
      '@tsconfig/node14': 1.0.3
      '@tsconfig/node16': 1.0.4
      '@types/node': 22.10.2
      acorn: 8.14.0
      acorn-walk: 8.3.4
      arg: 4.1.3
      create-require: 1.1.1
      diff: 4.0.2
      make-error: 1.3.6
      typescript: 5.7.2
      v8-compile-cache-lib: 3.0.1
      yn: 3.1.1
    dev: true

  /tslib@2.8.1:
    resolution: {integrity: sha512-oJFu94HQb+KVduSUQL7wnpmqnfmLsOA/nAh6b6EH0wCEoK0/mPeXU6c3wKDV83MkOuHPRHtSXKKU99IBazS/2w==}
    dev: false

  /tunnel-agent@0.6.0:
    resolution: {integrity: sha1-J6XeoGs2sEoKmWZ3SykIaPD8QP0=}
    dependencies:
      safe-buffer: 5.1.2
    dev: false

  /tweetnacl@0.14.5:
    resolution: {integrity: sha1-WuaBd/GS1EViadEIr6k/+HQ/T2Q=}
    dev: false

  /typed-query-selector@2.12.0:
    resolution: {integrity: sha512-SbklCd1F0EiZOyPiW192rrHZzZ5sBijB6xM+cpmrwDqObvdtunOHHIk9fCGsoK5JVIYXoyEp4iEdE3upFH3PAg==}
    dev: false

  /typescript@5.7.2:
    resolution: {integrity: sha512-i5t66RHxDvVN40HfDd1PsEThGNnlMCMT3jMUuoh9/0TaqWevNontacunWyN02LA9/fIbEWlcHZcgTKb9QoaLfg==}
    engines: {node: '>=14.17'}
    hasBin: true

  /unbzip2-stream@1.4.3:
    resolution: {integrity: sha1-sNoExDcTEd93HNwhXofyEwmRrOc=}
    dependencies:
      buffer: 5.7.1
      through: 2.3.8
    dev: false

  /undici-types@6.20.0:
    resolution: {integrity: sha512-Ny6QZ2Nju20vw1SRHe3d9jVu6gJ+4e3+MMpqu7pqE5HT6WsTSlce++GQmK5UXS8mzV8DSYHrQH+Xrf2jVcuKNg==}
    requiresBuild: true

  /uri-js@4.4.1:
    resolution: {integrity: sha1-mxpSWVIlhZ5V9mnZKPiMbFfyp34=}
    dependencies:
      punycode: 2.3.1
    dev: false

  /urlpattern-polyfill@10.0.0:
    resolution: {integrity: sha512-H/A06tKD7sS1O1X2SshBVeA5FLycRpjqiBeqGKmBwBDBy28EnRjORxTNe269KSSr5un5qyWi1iL61wLxpd+ZOg==}
    dev: false

  /util-deprecate@1.0.2:
    resolution: {integrity: sha1-RQ1Nyfpw3nMnYvvS1KKJgUGaDM8=}
    dev: false

  /uuid@3.4.0:
    resolution: {integrity: sha1-sj5DWK+oogL+ehAK8fX4g/AgB+4=}
    hasBin: true
    dev: false

  /v8-compile-cache-lib@3.0.1:
    resolution: {integrity: sha512-wa7YjyUGfNZngI/vtK0UHAN+lgDCxBPCylVXGp0zu59Fz5aiGtNXaq3DhIov063MorB+VfufLh3JlF2KdTK3xg==}
    dev: true

  /verror@1.10.0:
    resolution: {integrity: sha1-OhBcoXBTr1XW4nDB+CiGguGNpAA=}
    engines: {'0': node >=0.6.0}
    dependencies:
      assert-plus: 1.0.0
      core-util-is: 1.0.2
      extsprintf: 1.3.0
    dev: false

  /which@2.0.2:
    resolution: {integrity: sha1-fGqN0KY2oDJ+ELWckobu6T8/UbE=}
    engines: {node: '>= 8'}
    hasBin: true
    dependencies:
      isexe: 2.0.0
    dev: false

  /wrap-ansi@7.0.0:
    resolution: {integrity: sha1-Z+FFz/UQpqaYS98RUpEdadLrnkM=}
    engines: {node: '>=10'}
    dependencies:
      ansi-styles: 4.3.0
      string-width: 4.2.3
      strip-ansi: 6.0.1
    dev: false

  /wrappy@1.0.2:
    resolution: {integrity: sha1-tSQ9jz7BqjXxNkYFvA0QNuMKtp8=}
    dev: false

  /ws@8.18.0:
    resolution: {integrity: sha512-8VbfWfHLbbwu3+N6OKsOMpBdT4kXPDDB9cJk2bJ6mh9ucxdlnNvH1e+roYkKmN9Nxw2yjz7VzeO9oOz2zJ04Pw==}
    engines: {node: '>=10.0.0'}
    peerDependencies:
      bufferutil: ^4.0.1
      utf-8-validate: '>=5.0.2'
    peerDependenciesMeta:
      bufferutil:
        optional: true
      utf-8-validate:
        optional: true
    dev: false

  /y18n@5.0.8:
    resolution: {integrity: sha1-f0k00PfKjFb5UxSTndzS3ZHOHVU=}
    engines: {node: '>=10'}
    dev: false

  /yargs-parser@21.1.1:
    resolution: {integrity: sha512-tVpsJW7DdjecAiFpbIB1e3qxIQsE6NoPc5/eTdrbbIC4h0LVsWhnoa3g+m2HclBIujHzsxZ4VJVA+GUuc2/LBw==}
    engines: {node: '>=12'}
    dev: false

  /yargs@17.7.2:
    resolution: {integrity: sha512-7dSzzRQ++CKnNI/krKnYRV7JKKPUXMEh61soaHKg9mrWEhzFWhFnxPxGl+69cD1Ou63C13NUPCnmIcrvqCuM6w==}
    engines: {node: '>=12'}
    dependencies:
      cliui: 8.0.1
      escalade: 3.2.0
      get-caller-file: 2.0.5
      require-directory: 2.1.1
      string-width: 4.2.3
      y18n: 5.0.8
      yargs-parser: 21.1.1
    dev: false

  /yauzl@2.10.0:
    resolution: {integrity: sha1-x+sXyT4RLLEIb6bY5R+wZnt5pfk=}
    dependencies:
      buffer-crc32: 0.2.13
      fd-slicer: 1.1.0
    dev: false

  /yn@3.1.1:
    resolution: {integrity: sha1-HodAGgnXZ8HV6rJqbkwYUYLS61A=}
    engines: {node: '>=6'}
    dev: true

  /zod@3.23.8:
    resolution: {integrity: sha512-XBx9AXhXktjUqnepgTiE5flcKIYWi/rme0Eaj+5Y0lftuGBq+jyRu/md4WnuxqgP1ubdpNCsYEYPxrzVHD8d6g==}
    dev: false
